<Solution>
  <Configurations>
    <Platform Name="Any CPU" />
    <Platform Name="x64" />
  </Configurations>
  <Project Path="UAC Bypass by UfferTech/UAC Bypass by UfferTech.csproj">
    <BuildType Solution="Debug|Any CPU" Project="Release" />
    <Platform Solution="*|x64" Project="x64" />
  </Project>
</Solution>
